
Microsoft Visual Studio Solution File, Format Version 12.00
# Visual Studio Version 17
VisualStudioVersion = 17.10.34916.146
MinimumVisualStudioVersion = 10.0.40219.1
Project("{FAE04EC0-301F-11D3-BF4B-00C04F79EFBC}") = "Rental-backend", "Rental-backend\Rental-backend.csproj", "{3FDB59DE-9FB9-4F48-A322-8A042E686B69}"
EndProject
Global
	GlobalSection(SolutionConfigurationPlatforms) = preSolution
		Debug|Any CPU = Debug|Any CPU
		Release|Any CPU = Release|Any CPU
	EndGlobalSection
	GlobalSection(ProjectConfigurationPlatforms) = postSolution
		{3FDB59DE-9FB9-4F48-A322-8A042E686B69}.Debug|Any CPU.ActiveCfg = Debug|Any CPU
		{3FDB59DE-9FB9-4F48-A322-8A042E686B69}.Debug|Any CPU.Build.0 = Debug|Any CPU
		{3FDB59DE-9FB9-4F48-A322-8A042E686B69}.Release|Any CPU.ActiveCfg = Release|Any CPU
		{3FDB59DE-9FB9-4F48-A322-8A042E686B69}.Release|Any CPU.Build.0 = Release|Any CPU
	EndGlobalSection
	GlobalSection(SolutionProperties) = preSolution
		HideSolutionNode = FALSE
	EndGlobalSection
	GlobalSection(ExtensibilityGlobals) = postSolution
		SolutionGuid = {355B5A02-B27F-49BB-88B1-C1D4CFCA10CC}
	EndGlobalSection
EndGlobal
